
Microsoft Visual Studio Solution File, Format Version 12.00
# Visual Studio 14
VisualStudioVersion = 14.0.23107.0
MinimumVisualStudioVersion = 10.0.40219.1
Project("{FAE04EC0-301F-11D3-BF4B-00C04F79EFBC}") = "MCWin10Sync", "MCWin10Backup\MCWin10Sync.csproj", "{5A9C311E-175E-4A15-A7E8-FD79E8348419}"
EndProject
Project("{FAE04EC0-301F-11D3-BF4B-00C04F79EFBC}") = "VolkiCraft.MCWin10.Sync", "VolkiCraft.MCWin10.Sync\VolkiCraft.MCWin10.Sync.csproj", "{2EB7CB14-B77E-419E-B174-EAF5A1549B3C}"
EndProject
Project("{FAE04EC0-301F-11D3-BF4B-00C04F79EFBC}") = "VolkiCraft.MCWin10.Sync.Test", "VolkiCraft.MCWin10.Sync.Test\VolkiCraft.MCWin10.Sync.Test.csproj", "{C5922A81-629F-49B8-BE56-04160430997A}"
EndProject
Global
	GlobalSection(SolutionConfigurationPlatforms) = preSolution
		Debug|Any CPU = Debug|Any CPU
		Release|Any CPU = Release|Any CPU
	EndGlobalSection
	GlobalSection(ProjectConfigurationPlatforms) = postSolution
		{5A9C311E-175E-4A15-A7E8-FD79E8348419}.Debug|Any CPU.ActiveCfg = Debug|Any CPU
		{5A9C311E-175E-4A15-A7E8-FD79E8348419}.Debug|Any CPU.Build.0 = Debug|Any CPU
		{5A9C311E-175E-4A15-A7E8-FD79E8348419}.Release|Any CPU.ActiveCfg = Release|Any CPU
		{5A9C311E-175E-4A15-A7E8-FD79E8348419}.Release|Any CPU.Build.0 = Release|Any CPU
		{2EB7CB14-B77E-419E-B174-EAF5A1549B3C}.Debug|Any CPU.ActiveCfg = Debug|Any CPU
		{2EB7CB14-B77E-419E-B174-EAF5A1549B3C}.Debug|Any CPU.Build.0 = Debug|Any CPU
		{2EB7CB14-B77E-419E-B174-EAF5A1549B3C}.Release|Any CPU.ActiveCfg = Release|Any CPU
		{2EB7CB14-B77E-419E-B174-EAF5A1549B3C}.Release|Any CPU.Build.0 = Release|Any CPU
		{C5922A81-629F-49B8-BE56-04160430997A}.Debug|Any CPU.ActiveCfg = Debug|Any CPU
		{C5922A81-629F-49B8-BE56-04160430997A}.Debug|Any CPU.Build.0 = Debug|Any CPU
		{C5922A81-629F-49B8-BE56-04160430997A}.Release|Any CPU.ActiveCfg = Release|Any CPU
		{C5922A81-629F-49B8-BE56-04160430997A}.Release|Any CPU.Build.0 = Release|Any CPU
	EndGlobalSection
	GlobalSection(SolutionProperties) = preSolution
		HideSolutionNode = FALSE
	EndGlobalSection
EndGlobal
